
Microsoft Visual Studio Solution File, Format Version 12.00
# Visual Studio 14
VisualStudioVersion = 14.0.24720.0
MinimumVisualStudioVersion = 10.0.40219.1
Project("{FAE04EC0-301F-11D3-BF4B-00C04F79EFBC}") = "EPiServerSitePages", "EPiServerSitePages\EPiServerSitePages.csproj", "{4BB680E1-538A-4887-A55D-5474569401B2}"
EndProject
Global
	GlobalSection(SolutionConfigurationPlatforms) = preSolution
		Debug|Any CPU = Debug|Any CPU
		Release|Any CPU = Release|Any CPU
	EndGlobalSection
	GlobalSection(ProjectConfigurationPlatforms) = postSolution
		{4BB680E1-538A-4887-A55D-5474569401B2}.Debug|Any CPU.ActiveCfg = Debug|Any CPU
		{4BB680E1-538A-4887-A55D-5474569401B2}.Debug|Any CPU.Build.0 = Debug|Any CPU
		{4BB680E1-538A-4887-A55D-5474569401B2}.Release|Any CPU.ActiveCfg = Release|Any CPU
		{4BB680E1-538A-4887-A55D-5474569401B2}.Release|Any CPU.Build.0 = Release|Any CPU
	EndGlobalSection
	GlobalSection(SolutionProperties) = preSolution
		HideSolutionNode = FALSE
	EndGlobalSection
EndGlobal
